
Microsoft Visual Studio Solution File, Format Version 12.00
# Visual Studio 2013
VisualStudioVersion = 12.0.30110.0
MinimumVisualStudioVersion = 10.0.40219.1
Project("{FAE04EC0-301F-11D3-BF4B-00C04F79EFBC}") = "PDFAddImageToPages", "PDFTests\PDFAddImageToPages.csproj", "{215849F4-D2C1-4F54-99E3-79080817C5A6}"
EndProject
Project("{FAE04EC0-301F-11D3-BF4B-00C04F79EFBC}") = "GenerateQRCode", "GenerateQRCode\GenerateQRCode.csproj", "{D123B2C4-166A-4811-A344-1261B106AA08}"
EndProject
Project("{FAE04EC0-301F-11D3-BF4B-00C04F79EFBC}") = "PDFAddQRCode", "PDFAddQRCode\PDFAddQRCode.csproj", "{770AEE93-1FD0-4648-916D-D5DDD27C7CCC}"
EndProject
Project("{FAE04EC0-301F-11D3-BF4B-00C04F79EFBC}") = "DecodeQRCodeFromImage", "DecodeQRCodeFromImage\DecodeQRCodeFromImage.csproj", "{872913BC-78A9-4240-891A-DEFBF6703D2B}"
EndProject
Project("{FAE04EC0-301F-11D3-BF4B-00C04F79EFBC}") = "DecodeQRWithDefaultLibrary", "DecodeQRWithDefaultLibrary\DecodeQRWithDefaultLibrary.csproj", "{E1FACEB7-917C-42B4-A45B-2656C18C5260}"
EndProject
Global
	GlobalSection(SolutionConfigurationPlatforms) = preSolution
		Debug|Any CPU = Debug|Any CPU
		Release|Any CPU = Release|Any CPU
	EndGlobalSection
	GlobalSection(ProjectConfigurationPlatforms) = postSolution
		{215849F4-D2C1-4F54-99E3-79080817C5A6}.Debug|Any CPU.ActiveCfg = Debug|Any CPU
		{215849F4-D2C1-4F54-99E3-79080817C5A6}.Debug|Any CPU.Build.0 = Debug|Any CPU
		{215849F4-D2C1-4F54-99E3-79080817C5A6}.Release|Any CPU.ActiveCfg = Release|Any CPU
		{215849F4-D2C1-4F54-99E3-79080817C5A6}.Release|Any CPU.Build.0 = Release|Any CPU
		{D123B2C4-166A-4811-A344-1261B106AA08}.Debug|Any CPU.ActiveCfg = Debug|Any CPU
		{D123B2C4-166A-4811-A344-1261B106AA08}.Debug|Any CPU.Build.0 = Debug|Any CPU
		{D123B2C4-166A-4811-A344-1261B106AA08}.Release|Any CPU.ActiveCfg = Release|Any CPU
		{D123B2C4-166A-4811-A344-1261B106AA08}.Release|Any CPU.Build.0 = Release|Any CPU
		{770AEE93-1FD0-4648-916D-D5DDD27C7CCC}.Debug|Any CPU.ActiveCfg = Debug|Any CPU
		{770AEE93-1FD0-4648-916D-D5DDD27C7CCC}.Debug|Any CPU.Build.0 = Debug|Any CPU
		{770AEE93-1FD0-4648-916D-D5DDD27C7CCC}.Release|Any CPU.ActiveCfg = Release|Any CPU
		{770AEE93-1FD0-4648-916D-D5DDD27C7CCC}.Release|Any CPU.Build.0 = Release|Any CPU
		{872913BC-78A9-4240-891A-DEFBF6703D2B}.Debug|Any CPU.ActiveCfg = Debug|Any CPU
		{872913BC-78A9-4240-891A-DEFBF6703D2B}.Debug|Any CPU.Build.0 = Debug|Any CPU
		{872913BC-78A9-4240-891A-DEFBF6703D2B}.Release|Any CPU.ActiveCfg = Release|Any CPU
		{872913BC-78A9-4240-891A-DEFBF6703D2B}.Release|Any CPU.Build.0 = Release|Any CPU
		{E1FACEB7-917C-42B4-A45B-2656C18C5260}.Debug|Any CPU.ActiveCfg = Debug|Any CPU
		{E1FACEB7-917C-42B4-A45B-2656C18C5260}.Debug|Any CPU.Build.0 = Debug|Any CPU
		{E1FACEB7-917C-42B4-A45B-2656C18C5260}.Release|Any CPU.ActiveCfg = Release|Any CPU
		{E1FACEB7-917C-42B4-A45B-2656C18C5260}.Release|Any CPU.Build.0 = Release|Any CPU
	EndGlobalSection
	GlobalSection(SolutionProperties) = preSolution
		HideSolutionNode = FALSE
	EndGlobalSection
EndGlobal
